
Microsoft Visual Studio Solution File, Format Version 12.00
# Visual Studio Version 17
VisualStudioVersion = 17.9.34723.18
MinimumVisualStudioVersion = 10.0.40219.1
Project("{FAE04EC0-301F-11D3-BF4B-00C04F79EFBC}") = "Events_asp", "Events_asp.csproj", "{9E7EAB0A-8842-456B-A977-6501C7ACB065}"
EndProject
Global
	GlobalSection(SolutionConfigurationPlatforms) = preSolution
		Debug|Any CPU = Debug|Any CPU
		Release|Any CPU = Release|Any CPU
	EndGlobalSection
	GlobalSection(ProjectConfigurationPlatforms) = postSolution
		{9E7EAB0A-8842-456B-A977-6501C7ACB065}.Debug|Any CPU.ActiveCfg = Debug|Any CPU
		{9E7EAB0A-8842-456B-A977-6501C7ACB065}.Debug|Any CPU.Build.0 = Debug|Any CPU
		{9E7EAB0A-8842-456B-A977-6501C7ACB065}.Release|Any CPU.ActiveCfg = Release|Any CPU
		{9E7EAB0A-8842-456B-A977-6501C7ACB065}.Release|Any CPU.Build.0 = Release|Any CPU
	EndGlobalSection
	GlobalSection(SolutionProperties) = preSolution
		HideSolutionNode = FALSE
	EndGlobalSection
	GlobalSection(ExtensibilityGlobals) = postSolution
		SolutionGuid = {342B6447-DADF-45DF-A8B9-F5E4299A51BA}
	EndGlobalSection
EndGlobal
